
Microsoft Visual Studio Solution File, Format Version 12.00
# Visual Studio Version 16
VisualStudioVersion = 16.0.31624.102
MinimumVisualStudioVersion = 10.0.40219.1
Project("{8BC9CEB8-8B4A-11D0-8D11-00A0C91BC942}") = "Hw0", "Hw0.vcxproj", "{60DD0112-F2A2-446F-A3ED-0179629FBEFE}"
EndProject
Project("{8BC9CEB8-8B4A-11D0-8D11-00A0C91BC942}") = "Colats", "..\Colats\Colats.vcxproj", "{1183E14B-EE5E-4751-8981-73FB5CCE0FC3}"
EndProject
Project("{8BC9CEB8-8B4A-11D0-8D11-00A0C91BC942}") = "Homework3", "..\Homework3\Homework3.vcxproj", "{268FCAD9-F63C-4002-BBCB-EE894A319ECE}"
EndProject
Project("{2150E333-8FDC-42A3-9474-1A3956D46DE8}") = "Homework 3 Master", "Homework 3 Master", "{4A8D5E49-644F-41CD-B9FE-B6468371F9B1}"
EndProject
Project("{2150E333-8FDC-42A3-9474-1A3956D46DE8}") = "Homework 0 Master", "Homework 0 Master", "{691F52D3-B176-403F-9389-1CB707A4F41C}"
EndProject
Project("{8BC9CEB8-8B4A-11D0-8D11-00A0C91BC942}") = "Quadratic", "..\Quadratic\Quadratic.vcxproj", "{76FB5F06-7C1D-4EA7-866C-98E24A890B5B}"
EndProject
Project("{8BC9CEB8-8B4A-11D0-8D11-00A0C91BC942}") = "Lab11", "..\Lab11\Lab11.vcxproj", "{01EA604D-4162-4E95-B180-76312DD55D29}"
EndProject
Project("{2150E333-8FDC-42A3-9474-1A3956D46DE8}") = "Homework 4 Master", "Homework 4 Master", "{5FBB7D8E-AF17-4E28-B642-9C5476C0246F}"
EndProject
Project("{8BC9CEB8-8B4A-11D0-8D11-00A0C91BC942}") = "Hw 4 Main Program", "..\Hw 4 Main Program\Hw 4 Main Program.vcxproj", "{AAE3E1BA-BAC6-4F24-8591-424814FF90F9}"
EndProject
Project("{2150E333-8FDC-42A3-9474-1A3956D46DE8}") = "Labs", "Labs", "{FF46A392-33F9-4FED-BE4F-24E3785FFFAB}"
EndProject
Project("{8BC9CEB8-8B4A-11D0-8D11-00A0C91BC942}") = "Lab 2", "..\Lab 2\Lab 2.vcxproj", "{C30B135A-8F99-4DD7-A55F-7E305FD198F2}"
EndProject
Project("{8BC9CEB8-8B4A-11D0-8D11-00A0C91BC942}") = "Lab 3", "..\Lab 3\Lab 3.vcxproj", "{B9882089-6154-43E2-86DF-FEA11FCCE23C}"
EndProject
Project("{8BC9CEB8-8B4A-11D0-8D11-00A0C91BC942}") = "Lab 4", "..\Lab 4\Lab 4.vcxproj", "{140B1EE8-463D-43A3-B03B-20911E7DD80D}"
EndProject
Project("{8BC9CEB8-8B4A-11D0-8D11-00A0C91BC942}") = "Lab 5", "..\Lab 5\Lab 5.vcxproj", "{EECFD739-8670-482F-935B-B5B5114B8D7C}"
EndProject
Project("{8BC9CEB8-8B4A-11D0-8D11-00A0C91BC942}") = "Lab 1", "..\Lab 1\Lab 1.vcxproj", "{CD851BE6-AEAA-4A36-9AC8-34C641D90036}"
EndProject
Global
	GlobalSection(SolutionConfigurationPlatforms) = preSolution
		Debug|x64 = Debug|x64
		Debug|x86 = Debug|x86
		Release|x64 = Release|x64
		Release|x86 = Release|x86
	EndGlobalSection
	GlobalSection(ProjectConfigurationPlatforms) = postSolution
		{60DD0112-F2A2-446F-A3ED-0179629FBEFE}.Debug|x64.ActiveCfg = Debug|x64
		{60DD0112-F2A2-446F-A3ED-0179629FBEFE}.Debug|x64.Build.0 = Debug|x64
		{60DD0112-F2A2-446F-A3ED-0179629FBEFE}.Debug|x86.ActiveCfg = Debug|Win32
		{60DD0112-F2A2-446F-A3ED-0179629FBEFE}.Debug|x86.Build.0 = Debug|Win32
		{60DD0112-F2A2-446F-A3ED-0179629FBEFE}.Release|x64.ActiveCfg = Release|x64
		{60DD0112-F2A2-446F-A3ED-0179629FBEFE}.Release|x64.Build.0 = Release|x64
		{60DD0112-F2A2-446F-A3ED-0179629FBEFE}.Release|x86.ActiveCfg = Release|Win32
		{60DD0112-F2A2-446F-A3ED-0179629FBEFE}.Release|x86.Build.0 = Release|Win32
		{1183E14B-EE5E-4751-8981-73FB5CCE0FC3}.Debug|x64.ActiveCfg = Debug|x64
		{1183E14B-EE5E-4751-8981-73FB5CCE0FC3}.Debug|x64.Build.0 = Debug|x64
		{1183E14B-EE5E-4751-8981-73FB5CCE0FC3}.Debug|x86.ActiveCfg = Debug|Win32
		{1183E14B-EE5E-4751-8981-73FB5CCE0FC3}.Debug|x86.Build.0 = Debug|Win32
		{1183E14B-EE5E-4751-8981-73FB5CCE0FC3}.Release|x64.ActiveCfg = Release|x64
		{1183E14B-EE5E-4751-8981-73FB5CCE0FC3}.Release|x64.Build.0 = Release|x64
		{1183E14B-EE5E-4751-8981-73FB5CCE0FC3}.Release|x86.ActiveCfg = Release|Win32
		{1183E14B-EE5E-4751-8981-73FB5CCE0FC3}.Release|x86.Build.0 = Release|Win32
		{268FCAD9-F63C-4002-BBCB-EE894A319ECE}.Debug|x64.ActiveCfg = Debug|x64
		{268FCAD9-F63C-4002-BBCB-EE894A319ECE}.Debug|x64.Build.0 = Debug|x64
		{268FCAD9-F63C-4002-BBCB-EE894A319ECE}.Debug|x86.ActiveCfg = Debug|Win32
		{268FCAD9-F63C-4002-BBCB-EE894A319ECE}.Debug|x86.Build.0 = Debug|Win32
		{268FCAD9-F63C-4002-BBCB-EE894A319ECE}.Release|x64.ActiveCfg = Release|x64
		{268FCAD9-F63C-4002-BBCB-EE894A319ECE}.Release|x64.Build.0 = Release|x64
		{268FCAD9-F63C-4002-BBCB-EE894A319ECE}.Release|x86.ActiveCfg = Release|Win32
		{268FCAD9-F63C-4002-BBCB-EE894A319ECE}.Release|x86.Build.0 = Release|Win32
		{76FB5F06-7C1D-4EA7-866C-98E24A890B5B}.Debug|x64.ActiveCfg = Debug|x64
		{76FB5F06-7C1D-4EA7-866C-98E24A890B5B}.Debug|x64.Build.0 = Debug|x64
		{76FB5F06-7C1D-4EA7-866C-98E24A890B5B}.Debug|x86.ActiveCfg = Debug|Win32
		{76FB5F06-7C1D-4EA7-866C-98E24A890B5B}.Debug|x86.Build.0 = Debug|Win32
		{76FB5F06-7C1D-4EA7-866C-98E24A890B5B}.Release|x64.ActiveCfg = Release|x64
		{76FB5F06-7C1D-4EA7-866C-98E24A890B5B}.Release|x64.Build.0 = Release|x64
		{76FB5F06-7C1D-4EA7-866C-98E24A890B5B}.Release|x86.ActiveCfg = Release|Win32
		{76FB5F06-7C1D-4EA7-866C-98E24A890B5B}.Release|x86.Build.0 = Release|Win32
		{01EA604D-4162-4E95-B180-76312DD55D29}.Debug|x64.ActiveCfg = Debug|x64
		{01EA604D-4162-4E95-B180-76312DD55D29}.Debug|x64.Build.0 = Debug|x64
		{01EA604D-4162-4E95-B180-76312DD55D29}.Debug|x86.ActiveCfg = Debug|Win32
		{01EA604D-4162-4E95-B180-76312DD55D29}.Debug|x86.Build.0 = Debug|Win32
		{01EA604D-4162-4E95-B180-76312DD55D29}.Release|x64.ActiveCfg = Release|x64
		{01EA604D-4162-4E95-B180-76312DD55D29}.Release|x64.Build.0 = Release|x64
		{01EA604D-4162-4E95-B180-76312DD55D29}.Release|x86.ActiveCfg = Release|Win32
		{01EA604D-4162-4E95-B180-76312DD55D29}.Release|x86.Build.0 = Release|Win32
		{AAE3E1BA-BAC6-4F24-8591-424814FF90F9}.Debug|x64.ActiveCfg = Debug|x64
		{AAE3E1BA-BAC6-4F24-8591-424814FF90F9}.Debug|x64.Build.0 = Debug|x64
		{AAE3E1BA-BAC6-4F24-8591-424814FF90F9}.Debug|x86.ActiveCfg = Debug|Win32
		{AAE3E1BA-BAC6-4F24-8591-424814FF90F9}.Debug|x86.Build.0 = Debug|Win32
		{AAE3E1BA-BAC6-4F24-8591-424814FF90F9}.Release|x64.ActiveCfg = Release|x64
		{AAE3E1BA-BAC6-4F24-8591-424814FF90F9}.Release|x64.Build.0 = Release|x64
		{AAE3E1BA-BAC6-4F24-8591-424814FF90F9}.Release|x86.ActiveCfg = Release|Win32
		{AAE3E1BA-BAC6-4F24-8591-424814FF90F9}.Release|x86.Build.0 = Release|Win32
		{C30B135A-8F99-4DD7-A55F-7E305FD198F2}.Debug|x64.ActiveCfg = Debug|x64
		{C30B135A-8F99-4DD7-A55F-7E305FD198F2}.Debug|x64.Build.0 = Debug|x64
		{C30B135A-8F99-4DD7-A55F-7E305FD198F2}.Debug|x86.ActiveCfg = Debug|Win32
		{C30B135A-8F99-4DD7-A55F-7E305FD198F2}.Debug|x86.Build.0 = Debug|Win32
		{C30B135A-8F99-4DD7-A55F-7E305FD198F2}.Release|x64.ActiveCfg = Release|x64
		{C30B135A-8F99-4DD7-A55F-7E305FD198F2}.Release|x64.Build.0 = Release|x64
		{C30B135A-8F99-4DD7-A55F-7E305FD198F2}.Release|x86.ActiveCfg = Release|Win32
		{C30B135A-8F99-4DD7-A55F-7E305FD198F2}.Release|x86.Build.0 = Release|Win32
		{B9882089-6154-43E2-86DF-FEA11FCCE23C}.Debug|x64.ActiveCfg = Debug|x64
		{B9882089-6154-43E2-86DF-FEA11FCCE23C}.Debug|x64.Build.0 = Debug|x64
		{B9882089-6154-43E2-86DF-FEA11FCCE23C}.Debug|x86.ActiveCfg = Debug|Win32
		{B9882089-6154-43E2-86DF-FEA11FCCE23C}.Debug|x86.Build.0 = Debug|Win32
		{B9882089-6154-43E2-86DF-FEA11FCCE23C}.Release|x64.ActiveCfg = Release|x64
		{B9882089-6154-43E2-86DF-FEA11FCCE23C}.Release|x64.Build.0 = Release|x64
		{B9882089-6154-43E2-86DF-FEA11FCCE23C}.Release|x86.ActiveCfg = Release|Win32
		{B9882089-6154-43E2-86DF-FEA11FCCE23C}.Release|x86.Build.0 = Release|Win32
		{140B1EE8-463D-43A3-B03B-20911E7DD80D}.Debug|x64.ActiveCfg = Debug|x64
		{140B1EE8-463D-43A3-B03B-20911E7DD80D}.Debug|x64.Build.0 = Debug|x64
		{140B1EE8-463D-43A3-B03B-20911E7DD80D}.Debug|x86.ActiveCfg = Debug|Win32
		{140B1EE8-463D-43A3-B03B-20911E7DD80D}.Debug|x86.Build.0 = Debug|Win32
		{140B1EE8-463D-43A3-B03B-20911E7DD80D}.Release|x64.ActiveCfg = Release|x64
		{140B1EE8-463D-43A3-B03B-20911E7DD80D}.Release|x64.Build.0 = Release|x64
		{140B1EE8-463D-43A3-B03B-20911E7DD80D}.Release|x86.ActiveCfg = Release|Win32
		{140B1EE8-463D-43A3-B03B-20911E7DD80D}.Release|x86.Build.0 = Release|Win32
		{EECFD739-8670-482F-935B-B5B5114B8D7C}.Debug|x64.ActiveCfg = Debug|x64
		{EECFD739-8670-482F-935B-B5B5114B8D7C}.Debug|x64.Build.0 = Debug|x64
		{EECFD739-8670-482F-935B-B5B5114B8D7C}.Debug|x86.ActiveCfg = Debug|Win32
		{EECFD739-8670-482F-935B-B5B5114B8D7C}.Debug|x86.Build.0 = Debug|Win32
		{EECFD739-8670-482F-935B-B5B5114B8D7C}.Release|x64.ActiveCfg = Release|x64
		{EECFD739-8670-482F-935B-B5B5114B8D7C}.Release|x64.Build.0 = Release|x64
		{EECFD739-8670-482F-935B-B5B5114B8D7C}.Release|x86.ActiveCfg = Release|Win32
		{EECFD739-8670-482F-935B-B5B5114B8D7C}.Release|x86.Build.0 = Release|Win32
		{CD851BE6-AEAA-4A36-9AC8-34C641D90036}.Debug|x64.ActiveCfg = Debug|x64
		{CD851BE6-AEAA-4A36-9AC8-34C641D90036}.Debug|x64.Build.0 = Debug|x64
		{CD851BE6-AEAA-4A36-9AC8-34C641D90036}.Debug|x86.ActiveCfg = Debug|Win32
		{CD851BE6-AEAA-4A36-9AC8-34C641D90036}.Debug|x86.Build.0 = Debug|Win32
		{CD851BE6-AEAA-4A36-9AC8-34C641D90036}.Release|x64.ActiveCfg = Release|x64
		{CD851BE6-AEAA-4A36-9AC8-34C641D90036}.Release|x64.Build.0 = Release|x64
		{CD851BE6-AEAA-4A36-9AC8-34C641D90036}.Release|x86.ActiveCfg = Release|Win32
		{CD851BE6-AEAA-4A36-9AC8-34C641D90036}.Release|x86.Build.0 = Release|Win32
	EndGlobalSection
	GlobalSection(SolutionProperties) = preSolution
		HideSolutionNode = FALSE
	EndGlobalSection
	GlobalSection(NestedProjects) = preSolution
		{60DD0112-F2A2-446F-A3ED-0179629FBEFE} = {691F52D3-B176-403F-9389-1CB707A4F41C}
		{1183E14B-EE5E-4751-8981-73FB5CCE0FC3} = {4A8D5E49-644F-41CD-B9FE-B6468371F9B1}
		{268FCAD9-F63C-4002-BBCB-EE894A319ECE} = {4A8D5E49-644F-41CD-B9FE-B6468371F9B1}
		{76FB5F06-7C1D-4EA7-866C-98E24A890B5B} = {4A8D5E49-644F-41CD-B9FE-B6468371F9B1}
		{01EA604D-4162-4E95-B180-76312DD55D29} = {FF46A392-33F9-4FED-BE4F-24E3785FFFAB}
		{AAE3E1BA-BAC6-4F24-8591-424814FF90F9} = {5FBB7D8E-AF17-4E28-B642-9C5476C0246F}
		{C30B135A-8F99-4DD7-A55F-7E305FD198F2} = {FF46A392-33F9-4FED-BE4F-24E3785FFFAB}
		{B9882089-6154-43E2-86DF-FEA11FCCE23C} = {FF46A392-33F9-4FED-BE4F-24E3785FFFAB}
		{140B1EE8-463D-43A3-B03B-20911E7DD80D} = {FF46A392-33F9-4FED-BE4F-24E3785FFFAB}
		{EECFD739-8670-482F-935B-B5B5114B8D7C} = {FF46A392-33F9-4FED-BE4F-24E3785FFFAB}
		{CD851BE6-AEAA-4A36-9AC8-34C641D90036} = {FF46A392-33F9-4FED-BE4F-24E3785FFFAB}
	EndGlobalSection
	GlobalSection(ExtensibilityGlobals) = postSolution
		SolutionGuid = {FBEEA381-CDFF-49AE-A22E-CA30B2498C24}
	EndGlobalSection
EndGlobal
