
Microsoft Visual Studio Solution File, Format Version 12.00
# Visual Studio Version 16
VisualStudioVersion = 16.0.31624.102
MinimumVisualStudioVersion = 10.0.40219.1
Project("{8BC9CEB8-8B4A-11D0-8D11-00A0C91BC942}") = "Hw0", "Hw0.vcxproj", "{60DD0112-F2A2-446F-A3ED-0179629FBEFE}"
EndProject
Project("{8BC9CEB8-8B4A-11D0-8D11-00A0C91BC942}") = "Colats", "..\Colats\Colats.vcxproj", "{1183E14B-EE5E-4751-8981-73FB5CCE0FC3}"
EndProject
Project("{8BC9CEB8-8B4A-11D0-8D11-00A0C91BC942}") = "Homework3", "..\Homework3\Homework3.vcxproj", "{268FCAD9-F63C-4002-BBCB-EE894A319ECE}"
EndProject
Project("{2150E333-8FDC-42A3-9474-1A3956D46DE8}") = "Homework 3 Master", "Homework 3 Master", "{4A8D5E49-644F-41CD-B9FE-B6468371F9B1}"
EndProject
Project("{2150E333-8FDC-42A3-9474-1A3956D46DE8}") = "Homework 0 Master", "Homework 0 Master", "{691F52D3-B176-403F-9389-1CB707A4F41C}"
EndProject
Project("{8BC9CEB8-8B4A-11D0-8D11-00A0C91BC942}") = "Quadratic", "..\Quadratic\Quadratic.vcxproj", "{76FB5F06-7C1D-4EA7-866C-98E24A890B5B}"
EndProject
Global
	GlobalSection(SolutionConfigurationPlatforms) = preSolution
		Debug|x64 = Debug|x64
		Debug|x86 = Debug|x86
		Release|x64 = Release|x64
		Release|x86 = Release|x86
	EndGlobalSection
	GlobalSection(ProjectConfigurationPlatforms) = postSolution
		{60DD0112-F2A2-446F-A3ED-0179629FBEFE}.Debug|x64.ActiveCfg = Debug|x64
		{60DD0112-F2A2-446F-A3ED-0179629FBEFE}.Debug|x64.Build.0 = Debug|x64
		{60DD0112-F2A2-446F-A3ED-0179629FBEFE}.Debug|x86.ActiveCfg = Debug|Win32
		{60DD0112-F2A2-446F-A3ED-0179629FBEFE}.Debug|x86.Build.0 = Debug|Win32
		{60DD0112-F2A2-446F-A3ED-0179629FBEFE}.Release|x64.ActiveCfg = Release|x64
		{60DD0112-F2A2-446F-A3ED-0179629FBEFE}.Release|x64.Build.0 = Release|x64
		{60DD0112-F2A2-446F-A3ED-0179629FBEFE}.Release|x86.ActiveCfg = Release|Win32
		{60DD0112-F2A2-446F-A3ED-0179629FBEFE}.Release|x86.Build.0 = Release|Win32
		{1183E14B-EE5E-4751-8981-73FB5CCE0FC3}.Debug|x64.ActiveCfg = Debug|x64
		{1183E14B-EE5E-4751-8981-73FB5CCE0FC3}.Debug|x64.Build.0 = Debug|x64
		{1183E14B-EE5E-4751-8981-73FB5CCE0FC3}.Debug|x86.ActiveCfg = Debug|Win32
		{1183E14B-EE5E-4751-8981-73FB5CCE0FC3}.Debug|x86.Build.0 = Debug|Win32
		{1183E14B-EE5E-4751-8981-73FB5CCE0FC3}.Release|x64.ActiveCfg = Release|x64
		{1183E14B-EE5E-4751-8981-73FB5CCE0FC3}.Release|x64.Build.0 = Release|x64
		{1183E14B-EE5E-4751-8981-73FB5CCE0FC3}.Release|x86.ActiveCfg = Release|Win32
		{1183E14B-EE5E-4751-8981-73FB5CCE0FC3}.Release|x86.Build.0 = Release|Win32
		{268FCAD9-F63C-4002-BBCB-EE894A319ECE}.Debug|x64.ActiveCfg = Debug|x64
		{268FCAD9-F63C-4002-BBCB-EE894A319ECE}.Debug|x64.Build.0 = Debug|x64
		{268FCAD9-F63C-4002-BBCB-EE894A319ECE}.Debug|x86.ActiveCfg = Debug|Win32
		{268FCAD9-F63C-4002-BBCB-EE894A319ECE}.Debug|x86.Build.0 = Debug|Win32
		{268FCAD9-F63C-4002-BBCB-EE894A319ECE}.Release|x64.ActiveCfg = Release|x64
		{268FCAD9-F63C-4002-BBCB-EE894A319ECE}.Release|x64.Build.0 = Release|x64
		{268FCAD9-F63C-4002-BBCB-EE894A319ECE}.Release|x86.ActiveCfg = Release|Win32
		{268FCAD9-F63C-4002-BBCB-EE894A319ECE}.Release|x86.Build.0 = Release|Win32
		{76FB5F06-7C1D-4EA7-866C-98E24A890B5B}.Debug|x64.ActiveCfg = Debug|x64
		{76FB5F06-7C1D-4EA7-866C-98E24A890B5B}.Debug|x64.Build.0 = Debug|x64
		{76FB5F06-7C1D-4EA7-866C-98E24A890B5B}.Debug|x86.ActiveCfg = Debug|Win32
		{76FB5F06-7C1D-4EA7-866C-98E24A890B5B}.Debug|x86.Build.0 = Debug|Win32
		{76FB5F06-7C1D-4EA7-866C-98E24A890B5B}.Release|x64.ActiveCfg = Release|x64
		{76FB5F06-7C1D-4EA7-866C-98E24A890B5B}.Release|x64.Build.0 = Release|x64
		{76FB5F06-7C1D-4EA7-866C-98E24A890B5B}.Release|x86.ActiveCfg = Release|Win32
		{76FB5F06-7C1D-4EA7-866C-98E24A890B5B}.Release|x86.Build.0 = Release|Win32
	EndGlobalSection
	GlobalSection(SolutionProperties) = preSolution
		HideSolutionNode = FALSE
	EndGlobalSection
	GlobalSection(NestedProjects) = preSolution
		{60DD0112-F2A2-446F-A3ED-0179629FBEFE} = {691F52D3-B176-403F-9389-1CB707A4F41C}
		{1183E14B-EE5E-4751-8981-73FB5CCE0FC3} = {4A8D5E49-644F-41CD-B9FE-B6468371F9B1}
		{268FCAD9-F63C-4002-BBCB-EE894A319ECE} = {4A8D5E49-644F-41CD-B9FE-B6468371F9B1}
		{76FB5F06-7C1D-4EA7-866C-98E24A890B5B} = {4A8D5E49-644F-41CD-B9FE-B6468371F9B1}
	EndGlobalSection
	GlobalSection(ExtensibilityGlobals) = postSolution
		SolutionGuid = {FBEEA381-CDFF-49AE-A22E-CA30B2498C24}
	EndGlobalSection
EndGlobal
