
Microsoft Visual Studio Solution File, Format Version 12.00
# Visual Studio Version 16
VisualStudioVersion = 16.0.31624.102
MinimumVisualStudioVersion = 10.0.40219.1
Project("{8BC9CEB8-8B4A-11D0-8D11-00A0C91BC942}") = "Homework3", "Homework3.vcxproj", "{268FCAD9-F63C-4002-BBCB-EE894A319ECE}"
EndProject
Global
	GlobalSection(SolutionConfigurationPlatforms) = preSolution
		Debug|x64 = Debug|x64
		Debug|x86 = Debug|x86
		Release|x64 = Release|x64
		Release|x86 = Release|x86
	EndGlobalSection
	GlobalSection(ProjectConfigurationPlatforms) = postSolution
		{268FCAD9-F63C-4002-BBCB-EE894A319ECE}.Debug|x64.ActiveCfg = Debug|x64
		{268FCAD9-F63C-4002-BBCB-EE894A319ECE}.Debug|x64.Build.0 = Debug|x64
		{268FCAD9-F63C-4002-BBCB-EE894A319ECE}.Debug|x86.ActiveCfg = Debug|Win32
		{268FCAD9-F63C-4002-BBCB-EE894A319ECE}.Debug|x86.Build.0 = Debug|Win32
		{268FCAD9-F63C-4002-BBCB-EE894A319ECE}.Release|x64.ActiveCfg = Release|x64
		{268FCAD9-F63C-4002-BBCB-EE894A319ECE}.Release|x64.Build.0 = Release|x64
		{268FCAD9-F63C-4002-BBCB-EE894A319ECE}.Release|x86.ActiveCfg = Release|Win32
		{268FCAD9-F63C-4002-BBCB-EE894A319ECE}.Release|x86.Build.0 = Release|Win32
	EndGlobalSection
	GlobalSection(SolutionProperties) = preSolution
		HideSolutionNode = FALSE
	EndGlobalSection
	GlobalSection(ExtensibilityGlobals) = postSolution
		SolutionGuid = {A3B958D3-3528-434A-9D83-D027C8C86C97}
	EndGlobalSection
EndGlobal
